
Microsoft Visual Studio Solution File, Format Version 12.00
# Visual Studio Version 17
VisualStudioVersion = 17.3.32811.315
MinimumVisualStudioVersion = 10.0.40219.1
Project("{FAE04EC0-301F-11D3-BF4B-00C04F79EFBC}") = "WebApp", "WebApp\WebApp.csproj", "{47430C87-E352-4A04-B8B6-769DCB360161}"
EndProject
Global
	GlobalSection(SolutionConfigurationPlatforms) = preSolution
		Debug|Any CPU = Debug|Any CPU
		Release|Any CPU = Release|Any CPU
	EndGlobalSection
	GlobalSection(ProjectConfigurationPlatforms) = postSolution
		{47430C87-E352-4A04-B8B6-769DCB360161}.Debug|Any CPU.ActiveCfg = Debug|Any CPU
		{47430C87-E352-4A04-B8B6-769DCB360161}.Debug|Any CPU.Build.0 = Debug|Any CPU
		{47430C87-E352-4A04-B8B6-769DCB360161}.Release|Any CPU.ActiveCfg = Release|Any CPU
		{47430C87-E352-4A04-B8B6-769DCB360161}.Release|Any CPU.Build.0 = Release|Any CPU
	EndGlobalSection
	GlobalSection(SolutionProperties) = preSolution
		HideSolutionNode = FALSE
	EndGlobalSection
	GlobalSection(ExtensibilityGlobals) = postSolution
		SolutionGuid = {D3E32FE0-58A4-4C3E-8A23-85E354DF5B30}
	EndGlobalSection
EndGlobal
